// !$*UTF8*$!
{
	archiveVersion = 1;
	classes = {
	};
	objectVersion = 56;
	objects = {

/* Begin PBXBuildFile section */
		961689832C29BD2700E28B7D /* LICENSE-MIT in Resources */ = {isa = PBXBuildFile; fileRef = 9616897F2C29BD2700E28B7D /* LICENSE-MIT */; };
		961689842C29BD2700E28B7D /* LICENSE-APACHE in Resources */ = {isa = PBXBuildFile; fileRef = 961689802C29BD2700E28B7D /* LICENSE-APACHE */; };
		961689852C29BD2700E28B7D /* roms in Resources */ = {isa = PBXBuildFile; fileRef = 961689812C29BD2700E28B7D /* roms */; };
		96172F4E2D307FC7009EFCFA /* Game.swift in Sources */ = {isa = PBXBuildFile; fileRef = 96172F4D2D307FC7009EFCFA /* Game.swift */; };
		961C7D702D30575C00277AB4 /* GameBoy.swift in Sources */ = {isa = PBXBuildFile; fileRef = 961C7D6F2D30575C00277AB4 /* GameBoy.swift */; };
		9645B6912C287472003DD6D5 /* GameItem.swift in Sources */ = {isa = PBXBuildFile; fileRef = 9645B6902C287472003DD6D5 /* GameItem.swift */; };
		965FE8722C24C66400768828 /* RugbyApp.swift in Sources */ = {isa = PBXBuildFile; fileRef = 965FE8712C24C66400768828 /* RugbyApp.swift */; };
		965FE8742C24C66400768828 /* MainView.swift in Sources */ = {isa = PBXBuildFile; fileRef = 965FE8732C24C66400768828 /* MainView.swift */; };
		965FE8762C24C66500768828 /* Assets.xcassets in Resources */ = {isa = PBXBuildFile; fileRef = 965FE8752C24C66500768828 /* Assets.xcassets */; };
		965FE8792C24C66500768828 /* Preview Assets.xcassets in Resources */ = {isa = PBXBuildFile; fileRef = 965FE8782C24C66500768828 /* Preview Assets.xcassets */; };
		968F2C622D349EE6001C136D /* Algorithms in Frameworks */ = {isa = PBXBuildFile; productRef = 968F2C612D349EE6001C136D /* Algorithms */; };
		968F2C642D3577E7001C136D /* Joypad.swift in Sources */ = {isa = PBXBuildFile; fileRef = 968F2C632D3577E7001C136D /* Joypad.swift */; };
		968F2C662D3577F8001C136D /* Screen.swift in Sources */ = {isa = PBXBuildFile; fileRef = 968F2C652D3577F8001C136D /* Screen.swift */; };
		96A6C4332D10CDEE009BD762 /* RugbyKit in Frameworks */ = {isa = PBXBuildFile; productRef = 96A6C4322D10CDEE009BD762 /* RugbyKit */; };
		96AFA7122C24CF5800FB2A25 /* SettingsView.swift in Sources */ = {isa = PBXBuildFile; fileRef = 96AFA7112C24CF5800FB2A25 /* SettingsView.swift */; };
		96AFA7162C24D20C00FB2A25 /* EmulatorView.swift in Sources */ = {isa = PBXBuildFile; fileRef = 96AFA7152C24D20C00FB2A25 /* EmulatorView.swift */; };
		96AFA7182C24D24600FB2A25 /* LibraryView.swift in Sources */ = {isa = PBXBuildFile; fileRef = 96AFA7172C24D24600FB2A25 /* LibraryView.swift */; };
		96AFA71C2C25C73300FB2A25 /* LicenseView.swift in Sources */ = {isa = PBXBuildFile; fileRef = 96AFA71B2C25C73300FB2A25 /* LicenseView.swift */; };
		96AFA7292C2614F300FB2A25 /* Library.swift in Sources */ = {isa = PBXBuildFile; fileRef = 96AFA7282C2614F300FB2A25 /* Library.swift */; };
		96EC84492D3178C40034F030 /* GameInfo.swift in Sources */ = {isa = PBXBuildFile; fileRef = 96EC84482D3178C40034F030 /* GameInfo.swift */; };
/* End PBXBuildFile section */

/* Begin PBXFileReference section */
		9616897F2C29BD2700E28B7D /* LICENSE-MIT */ = {isa = PBXFileReference; fileEncoding = 4; lastKnownFileType = text; name = "LICENSE-MIT"; path = "../../../../LICENSE-MIT"; sourceTree = "<group>"; };
		961689802C29BD2700E28B7D /* LICENSE-APACHE */ = {isa = PBXFileReference; fileEncoding = 4; lastKnownFileType = text; name = "LICENSE-APACHE"; path = "../../../../LICENSE-APACHE"; sourceTree = "<group>"; };
		961689812C29BD2700E28B7D /* roms */ = {isa = PBXFileReference; lastKnownFileType = folder; name = roms; path = ../../../../roms; sourceTree = "<group>"; };
		96172F4D2D307FC7009EFCFA /* Game.swift */ = {isa = PBXFileReference; lastKnownFileType = sourcecode.swift; path = Game.swift; sourceTree = "<group>"; };
		9618C0D32D10C38900D6FDFE /* pkg */ = {isa = PBXFileReference; lastKnownFileType = wrapper; path = pkg; sourceTree = "<group>"; };
		961C7D6F2D30575C00277AB4 /* GameBoy.swift */ = {isa = PBXFileReference; lastKnownFileType = sourcecode.swift; path = GameBoy.swift; sourceTree = "<group>"; };
		9645B6902C287472003DD6D5 /* GameItem.swift */ = {isa = PBXFileReference; lastKnownFileType = sourcecode.swift; path = GameItem.swift; sourceTree = "<group>"; };
		965FE86E2C24C66400768828 /* Rugby.app */ = {isa = PBXFileReference; explicitFileType = wrapper.application; includeInIndex = 0; path = Rugby.app; sourceTree = BUILT_PRODUCTS_DIR; };
		965FE8712C24C66400768828 /* RugbyApp.swift */ = {isa = PBXFileReference; lastKnownFileType = sourcecode.swift; path = RugbyApp.swift; sourceTree = "<group>"; };
		965FE8732C24C66400768828 /* MainView.swift */ = {isa = PBXFileReference; lastKnownFileType = sourcecode.swift; path = MainView.swift; sourceTree = "<group>"; };
		965FE8752C24C66500768828 /* Assets.xcassets */ = {isa = PBXFileReference; lastKnownFileType = folder.assetcatalog; path = Assets.xcassets; sourceTree = "<group>"; };
		965FE8782C24C66500768828 /* Preview Assets.xcassets */ = {isa = PBXFileReference; lastKnownFileType = folder.assetcatalog; path = "Preview Assets.xcassets"; sourceTree = "<group>"; };
		968F2C632D3577E7001C136D /* Joypad.swift */ = {isa = PBXFileReference; lastKnownFileType = sourcecode.swift; path = Joypad.swift; sourceTree = "<group>"; };
		968F2C652D3577F8001C136D /* Screen.swift */ = {isa = PBXFileReference; lastKnownFileType = sourcecode.swift; path = Screen.swift; sourceTree = "<group>"; };
		96AFA7112C24CF5800FB2A25 /* SettingsView.swift */ = {isa = PBXFileReference; lastKnownFileType = sourcecode.swift; path = SettingsView.swift; sourceTree = "<group>"; };
		96AFA7152C24D20C00FB2A25 /* EmulatorView.swift */ = {isa = PBXFileReference; lastKnownFileType = sourcecode.swift; path = EmulatorView.swift; sourceTree = "<group>"; };
		96AFA7172C24D24600FB2A25 /* LibraryView.swift */ = {isa = PBXFileReference; lastKnownFileType = sourcecode.swift; path = LibraryView.swift; sourceTree = "<group>"; };
		96AFA71B2C25C73300FB2A25 /* LicenseView.swift */ = {isa = PBXFileReference; lastKnownFileType = sourcecode.swift; path = LicenseView.swift; sourceTree = "<group>"; };
		96AFA7282C2614F300FB2A25 /* Library.swift */ = {isa = PBXFileReference; lastKnownFileType = sourcecode.swift; path = Library.swift; sourceTree = "<group>"; };
		96EC84482D3178C40034F030 /* GameInfo.swift */ = {isa = PBXFileReference; lastKnownFileType = sourcecode.swift; path = GameInfo.swift; sourceTree = "<group>"; };
/* End PBXFileReference section */

/* Begin PBXFrameworksBuildPhase section */
		965FE86B2C24C66400768828 /* Frameworks */ = {
			isa = PBXFrameworksBuildPhase;
			buildActionMask = 2147483647;
			files = (
				968F2C622D349EE6001C136D /* Algorithms in Frameworks */,
				96A6C4332D10CDEE009BD762 /* RugbyKit in Frameworks */,
			);
			runOnlyForDeploymentPostprocessing = 0;
		};
/* End PBXFrameworksBuildPhase section */

/* Begin PBXGroup section */
		96172F502D307FFA009EFCFA /* Model */ = {
			isa = PBXGroup;
			children = (
				961C7D6F2D30575C00277AB4 /* GameBoy.swift */,
				96AFA7282C2614F300FB2A25 /* Library.swift */,
				96172F4D2D307FC7009EFCFA /* Game.swift */,
			);
			path = Model;
			sourceTree = "<group>";
		};
		9618C0D42D10C8C000D6FDFE /* Frameworks */ = {
			isa = PBXGroup;
			children = (
				9618C0D32D10C38900D6FDFE /* pkg */,
			);
			name = Frameworks;
			sourceTree = "<group>";
		};
		9645B6892C287348003DD6D5 /* Includes */ = {
			isa = PBXGroup;
			children = (
				961689802C29BD2700E28B7D /* LICENSE-APACHE */,
				9616897F2C29BD2700E28B7D /* LICENSE-MIT */,
				961689812C29BD2700E28B7D /* roms */,
			);
			path = Includes;
			sourceTree = "<group>";
		};
		965FE8652C24C66400768828 = {
			isa = PBXGroup;
			children = (
				965FE8702C24C66400768828 /* Rugby */,
				9618C0D42D10C8C000D6FDFE /* Frameworks */,
				965FE86F2C24C66400768828 /* Products */,
			);
			sourceTree = "<group>";
		};
		965FE86F2C24C66400768828 /* Products */ = {
			isa = PBXGroup;
			children = (
				965FE86E2C24C66400768828 /* Rugby.app */,
			);
			name = Products;
			sourceTree = "<group>";
		};
		965FE8702C24C66400768828 /* Rugby */ = {
			isa = PBXGroup;
			children = (
				965FE8712C24C66400768828 /* RugbyApp.swift */,
				96172F502D307FFA009EFCFA /* Model */,
				96AFA70F2C24CF2B00FB2A25 /* Views */,
				965FE8752C24C66500768828 /* Assets.xcassets */,
				9645B6892C287348003DD6D5 /* Includes */,
				965FE8772C24C66500768828 /* Preview Content */,
			);
			path = Rugby;
			sourceTree = "<group>";
		};
		965FE8772C24C66500768828 /* Preview Content */ = {
			isa = PBXGroup;
			children = (
				965FE8782C24C66500768828 /* Preview Assets.xcassets */,
			);
			path = "Preview Content";
			sourceTree = "<group>";
		};
		96AFA70F2C24CF2B00FB2A25 /* Views */ = {
			isa = PBXGroup;
			children = (
				965FE8732C24C66400768828 /* MainView.swift */,
				96AFA7132C24D1CD00FB2A25 /* Emulator */,
				96AFA7142C24D1E200FB2A25 /* Library */,
				96AFA7102C24CF4300FB2A25 /* Settings */,
			);
			path = Views;
			sourceTree = "<group>";
		};
		96AFA7102C24CF4300FB2A25 /* Settings */ = {
			isa = PBXGroup;
			children = (
				96AFA7112C24CF5800FB2A25 /* SettingsView.swift */,
				96AFA71B2C25C73300FB2A25 /* LicenseView.swift */,
			);
			path = Settings;
			sourceTree = "<group>";
		};
		96AFA7132C24D1CD00FB2A25 /* Emulator */ = {
			isa = PBXGroup;
			children = (
				96AFA7152C24D20C00FB2A25 /* EmulatorView.swift */,
				968F2C652D3577F8001C136D /* Screen.swift */,
				968F2C632D3577E7001C136D /* Joypad.swift */,
			);
			path = Emulator;
			sourceTree = "<group>";
		};
		96AFA7142C24D1E200FB2A25 /* Library */ = {
			isa = PBXGroup;
			children = (
				96AFA7172C24D24600FB2A25 /* LibraryView.swift */,
				9645B6902C287472003DD6D5 /* GameItem.swift */,
				96EC84482D3178C40034F030 /* GameInfo.swift */,
			);
			path = Library;
			sourceTree = "<group>";
		};
/* End PBXGroup section */

/* Begin PBXNativeTarget section */
		965FE86D2C24C66400768828 /* Rugby */ = {
			isa = PBXNativeTarget;
			buildConfigurationList = 965FE87C2C24C66500768828 /* Build configuration list for PBXNativeTarget "Rugby" */;
			buildPhases = (
				965FE86A2C24C66400768828 /* Sources */,
				965FE86B2C24C66400768828 /* Frameworks */,
				965FE86C2C24C66400768828 /* Resources */,
			);
			buildRules = (
			);
			dependencies = (
			);
			name = Rugby;
			productName = Rugby;
			productReference = 965FE86E2C24C66400768828 /* Rugby.app */;
			productType = "com.apple.product-type.application";
		};
/* End PBXNativeTarget section */

/* Begin PBXProject section */
		965FE8662C24C66400768828 /* Project object */ = {
			isa = PBXProject;
			attributes = {
				BuildIndependentTargetsInParallel = 1;
				LastSwiftUpdateCheck = 1540;
				LastUpgradeCheck = 1540;
				TargetAttributes = {
					965FE86D2C24C66400768828 = {
						CreatedOnToolsVersion = 15.4;
					};
				};
			};
			buildConfigurationList = 965FE8692C24C66400768828 /* Build configuration list for PBXProject "Rugby" */;
			compatibilityVersion = "Xcode 14.0";
			developmentRegion = en;
			hasScannedForEncodings = 0;
			knownRegions = (
				en,
				Base,
			);
			mainGroup = 965FE8652C24C66400768828;
			packageReferences = (
				968F2C602D349EE6001C136D /* XCRemoteSwiftPackageReference "swift-algorithms" */,
			);
			productRefGroup = 965FE86F2C24C66400768828 /* Products */;
			projectDirPath = "";
			projectRoot = "";
			targets = (
				965FE86D2C24C66400768828 /* Rugby */,
			);
		};
/* End PBXProject section */

/* Begin PBXResourcesBuildPhase section */
		965FE86C2C24C66400768828 /* Resources */ = {
			isa = PBXResourcesBuildPhase;
			buildActionMask = 2147483647;
			files = (
				961689842C29BD2700E28B7D /* LICENSE-APACHE in Resources */,
				961689832C29BD2700E28B7D /* LICENSE-MIT in Resources */,
				961689852C29BD2700E28B7D /* roms in Resources */,
				965FE8792C24C66500768828 /* Preview Assets.xcassets in Resources */,
				965FE8762C24C66500768828 /* Assets.xcassets in Resources */,
			);
			runOnlyForDeploymentPostprocessing = 0;
		};
/* End PBXResourcesBuildPhase section */

/* Begin PBXSourcesBuildPhase section */
		965FE86A2C24C66400768828 /* Sources */ = {
			isa = PBXSourcesBuildPhase;
			buildActionMask = 2147483647;
			files = (
				96AFA7162C24D20C00FB2A25 /* EmulatorView.swift in Sources */,
				96172F4E2D307FC7009EFCFA /* Game.swift in Sources */,
				96AFA7292C2614F300FB2A25 /* Library.swift in Sources */,
				968F2C662D3577F8001C136D /* Screen.swift in Sources */,
				9645B6912C287472003DD6D5 /* GameItem.swift in Sources */,
				961C7D702D30575C00277AB4 /* GameBoy.swift in Sources */,
				96AFA7182C24D24600FB2A25 /* LibraryView.swift in Sources */,
				968F2C642D3577E7001C136D /* Joypad.swift in Sources */,
				96AFA71C2C25C73300FB2A25 /* LicenseView.swift in Sources */,
				965FE8742C24C66400768828 /* MainView.swift in Sources */,
				96EC84492D3178C40034F030 /* GameInfo.swift in Sources */,
				965FE8722C24C66400768828 /* RugbyApp.swift in Sources */,
				96AFA7122C24CF5800FB2A25 /* SettingsView.swift in Sources */,
			);
			runOnlyForDeploymentPostprocessing = 0;
		};
/* End PBXSourcesBuildPhase section */

/* Begin XCBuildConfiguration section */
		965FE87A2C24C66500768828 /* Debug */ = {
			isa = XCBuildConfiguration;
			buildSettings = {
				ALWAYS_SEARCH_USER_PATHS = NO;
				ASSETCATALOG_COMPILER_GENERATE_SWIFT_ASSET_SYMBOL_EXTENSIONS = YES;
				CLANG_ANALYZER_NONNULL = YES;
				CLANG_ANALYZER_NUMBER_OBJECT_CONVERSION = YES_AGGRESSIVE;
				CLANG_CXX_LANGUAGE_STANDARD = "gnu++20";
				CLANG_ENABLE_MODULES = YES;
				CLANG_ENABLE_OBJC_ARC = YES;
				CLANG_ENABLE_OBJC_WEAK = YES;
				CLANG_WARN_BLOCK_CAPTURE_AUTORELEASING = YES;
				CLANG_WARN_BOOL_CONVERSION = YES;
				CLANG_WARN_COMMA = YES;
				CLANG_WARN_CONSTANT_CONVERSION = YES;
				CLANG_WARN_DEPRECATED_OBJC_IMPLEMENTATIONS = YES;
				CLANG_WARN_DIRECT_OBJC_ISA_USAGE = YES_ERROR;
				CLANG_WARN_DOCUMENTATION_COMMENTS = YES;
				CLANG_WARN_EMPTY_BODY = YES;
				CLANG_WARN_ENUM_CONVERSION = YES;
				CLANG_WARN_INFINITE_RECURSION = YES;
				CLANG_WARN_INT_CONVERSION = YES;
				CLANG_WARN_NON_LITERAL_NULL_CONVERSION = YES;
				CLANG_WARN_OBJC_IMPLICIT_RETAIN_SELF = YES;
				CLANG_WARN_OBJC_LITERAL_CONVERSION = YES;
				CLANG_WARN_OBJC_ROOT_CLASS = YES_ERROR;
				CLANG_WARN_QUOTED_INCLUDE_IN_FRAMEWORK_HEADER = YES;
				CLANG_WARN_RANGE_LOOP_ANALYSIS = YES;
				CLANG_WARN_STRICT_PROTOTYPES = YES;
				CLANG_WARN_SUSPICIOUS_MOVE = YES;
				CLANG_WARN_UNGUARDED_AVAILABILITY = YES_AGGRESSIVE;
				CLANG_WARN_UNREACHABLE_CODE = YES;
				CLANG_WARN__DUPLICATE_METHOD_MATCH = YES;
				COPY_PHASE_STRIP = NO;
				DEBUG_INFORMATION_FORMAT = dwarf;
				ENABLE_STRICT_OBJC_MSGSEND = YES;
				ENABLE_TESTABILITY = YES;
				ENABLE_USER_SCRIPT_SANDBOXING = YES;
				GCC_C_LANGUAGE_STANDARD = gnu17;
				GCC_DYNAMIC_NO_PIC = NO;
				GCC_NO_COMMON_BLOCKS = YES;
				GCC_OPTIMIZATION_LEVEL = 0;
				GCC_PREPROCESSOR_DEFINITIONS = (
					"DEBUG=1",
					"$(inherited)",
				);
				GCC_WARN_64_TO_32_BIT_CONVERSION = YES;
				GCC_WARN_ABOUT_RETURN_TYPE = YES_ERROR;
				GCC_WARN_UNDECLARED_SELECTOR = YES;
				GCC_WARN_UNINITIALIZED_AUTOS = YES_AGGRESSIVE;
				GCC_WARN_UNUSED_FUNCTION = YES;
				GCC_WARN_UNUSED_VARIABLE = YES;
				IPHONEOS_DEPLOYMENT_TARGET = 17.5;
				LOCALIZATION_PREFERS_STRING_CATALOGS = YES;
				MTL_ENABLE_DEBUG_INFO = INCLUDE_SOURCE;
				MTL_FAST_MATH = YES;
				ONLY_ACTIVE_ARCH = YES;
				SDKROOT = iphoneos;
				SWIFT_ACTIVE_COMPILATION_CONDITIONS = "DEBUG $(inherited)";
				SWIFT_OPTIMIZATION_LEVEL = "-Onone";
			};
			name = Debug;
		};
		965FE87B2C24C66500768828 /* Release */ = {
			isa = XCBuildConfiguration;
			buildSettings = {
				ALWAYS_SEARCH_USER_PATHS = NO;
				ASSETCATALOG_COMPILER_GENERATE_SWIFT_ASSET_SYMBOL_EXTENSIONS = YES;
				CLANG_ANALYZER_NONNULL = YES;
				CLANG_ANALYZER_NUMBER_OBJECT_CONVERSION = YES_AGGRESSIVE;
				CLANG_CXX_LANGUAGE_STANDARD = "gnu++20";
				CLANG_ENABLE_MODULES = YES;
				CLANG_ENABLE_OBJC_ARC = YES;
				CLANG_ENABLE_OBJC_WEAK = YES;
				CLANG_WARN_BLOCK_CAPTURE_AUTORELEASING = YES;
				CLANG_WARN_BOOL_CONVERSION = YES;
				CLANG_WARN_COMMA = YES;
				CLANG_WARN_CONSTANT_CONVERSION = YES;
				CLANG_WARN_DEPRECATED_OBJC_IMPLEMENTATIONS = YES;
				CLANG_WARN_DIRECT_OBJC_ISA_USAGE = YES_ERROR;
				CLANG_WARN_DOCUMENTATION_COMMENTS = YES;
				CLANG_WARN_EMPTY_BODY = YES;
				CLANG_WARN_ENUM_CONVERSION = YES;
				CLANG_WARN_INFINITE_RECURSION = YES;
				CLANG_WARN_INT_CONVERSION = YES;
				CLANG_WARN_NON_LITERAL_NULL_CONVERSION = YES;
				CLANG_WARN_OBJC_IMPLICIT_RETAIN_SELF = YES;
				CLANG_WARN_OBJC_LITERAL_CONVERSION = YES;
				CLANG_WARN_OBJC_ROOT_CLASS = YES_ERROR;
				CLANG_WARN_QUOTED_INCLUDE_IN_FRAMEWORK_HEADER = YES;
				CLANG_WARN_RANGE_LOOP_ANALYSIS = YES;
				CLANG_WARN_STRICT_PROTOTYPES = YES;
				CLANG_WARN_SUSPICIOUS_MOVE = YES;
				CLANG_WARN_UNGUARDED_AVAILABILITY = YES_AGGRESSIVE;
				CLANG_WARN_UNREACHABLE_CODE = YES;
				CLANG_WARN__DUPLICATE_METHOD_MATCH = YES;
				COPY_PHASE_STRIP = NO;
				DEBUG_INFORMATION_FORMAT = "dwarf-with-dsym";
				ENABLE_NS_ASSERTIONS = NO;
				ENABLE_STRICT_OBJC_MSGSEND = YES;
				ENABLE_USER_SCRIPT_SANDBOXING = YES;
				GCC_C_LANGUAGE_STANDARD = gnu17;
				GCC_NO_COMMON_BLOCKS = YES;
				GCC_WARN_64_TO_32_BIT_CONVERSION = YES;
				GCC_WARN_ABOUT_RETURN_TYPE = YES_ERROR;
				GCC_WARN_UNDECLARED_SELECTOR = YES;
				GCC_WARN_UNINITIALIZED_AUTOS = YES_AGGRESSIVE;
				GCC_WARN_UNUSED_FUNCTION = YES;
				GCC_WARN_UNUSED_VARIABLE = YES;
				IPHONEOS_DEPLOYMENT_TARGET = 17.5;
				LOCALIZATION_PREFERS_STRING_CATALOGS = YES;
				MTL_ENABLE_DEBUG_INFO = NO;
				MTL_FAST_MATH = YES;
				SDKROOT = iphoneos;
				SWIFT_COMPILATION_MODE = wholemodule;
				VALIDATE_PRODUCT = YES;
			};
			name = Release;
		};
		965FE87D2C24C66500768828 /* Debug */ = {
			isa = XCBuildConfiguration;
			buildSettings = {
				ASSETCATALOG_COMPILER_APPICON_NAME = AppIcon;
				ASSETCATALOG_COMPILER_GLOBAL_ACCENT_COLOR_NAME = AccentColor;
				CODE_SIGN_STYLE = Automatic;
				CURRENT_PROJECT_VERSION = 1;
				DEVELOPMENT_ASSET_PATHS = "\"Rugby/Preview Content\"";
				DEVELOPMENT_TEAM = 6WHL4R56VQ;
				ENABLE_PREVIEWS = YES;
				GENERATE_INFOPLIST_FILE = YES;
				INFOPLIST_FILE = Rugby/Info.plist;
				INFOPLIST_KEY_GCSupportsControllerUserInteraction = YES;
				INFOPLIST_KEY_LSSupportsOpeningDocumentsInPlace = YES;
				INFOPLIST_KEY_UIApplicationSceneManifest_Generation = YES;
				INFOPLIST_KEY_UIApplicationSupportsIndirectInputEvents = YES;
				INFOPLIST_KEY_UILaunchScreen_Generation = YES;
				INFOPLIST_KEY_UISupportedInterfaceOrientations_iPad = "UIInterfaceOrientationPortrait UIInterfaceOrientationPortraitUpsideDown UIInterfaceOrientationLandscapeLeft UIInterfaceOrientationLandscapeRight";
				INFOPLIST_KEY_UISupportedInterfaceOrientations_iPhone = "UIInterfaceOrientationPortrait UIInterfaceOrientationLandscapeLeft UIInterfaceOrientationLandscapeRight";
				IPHONEOS_DEPLOYMENT_TARGET = 18.0;
				LD_RUNPATH_SEARCH_PATHS = (
					"$(inherited)",
					"@executable_path/Frameworks",
				);
				MARKETING_VERSION = 0.1.0;
				PRODUCT_BUNDLE_IDENTIFIER = dev.zakhary.Rugby;
				PRODUCT_NAME = "$(TARGET_NAME)";
				SWIFT_EMIT_LOC_STRINGS = YES;
				SWIFT_VERSION = 5.0;
				TARGETED_DEVICE_FAMILY = "1,2";
			};
			name = Debug;
		};
		965FE87E2C24C66500768828 /* Release */ = {
			isa = XCBuildConfiguration;
			buildSettings = {
				ASSETCATALOG_COMPILER_APPICON_NAME = AppIcon;
				ASSETCATALOG_COMPILER_GLOBAL_ACCENT_COLOR_NAME = AccentColor;
				CODE_SIGN_STYLE = Automatic;
				CURRENT_PROJECT_VERSION = 1;
				DEVELOPMENT_ASSET_PATHS = "\"Rugby/Preview Content\"";
				DEVELOPMENT_TEAM = 6WHL4R56VQ;
				ENABLE_PREVIEWS = YES;
				GENERATE_INFOPLIST_FILE = YES;
				INFOPLIST_FILE = Rugby/Info.plist;
				INFOPLIST_KEY_GCSupportsControllerUserInteraction = YES;
				INFOPLIST_KEY_LSSupportsOpeningDocumentsInPlace = YES;
				INFOPLIST_KEY_UIApplicationSceneManifest_Generation = YES;
				INFOPLIST_KEY_UIApplicationSupportsIndirectInputEvents = YES;
				INFOPLIST_KEY_UILaunchScreen_Generation = YES;
				INFOPLIST_KEY_UISupportedInterfaceOrientations_iPad = "UIInterfaceOrientationPortrait UIInterfaceOrientationPortraitUpsideDown UIInterfaceOrientationLandscapeLeft UIInterfaceOrientationLandscapeRight";
				INFOPLIST_KEY_UISupportedInterfaceOrientations_iPhone = "UIInterfaceOrientationPortrait UIInterfaceOrientationLandscapeLeft UIInterfaceOrientationLandscapeRight";
				IPHONEOS_DEPLOYMENT_TARGET = 18.0;
				LD_RUNPATH_SEARCH_PATHS = (
					"$(inherited)",
					"@executable_path/Frameworks",
				);
				MARKETING_VERSION = 0.1.0;
				PRODUCT_BUNDLE_IDENTIFIER = dev.zakhary.Rugby;
				PRODUCT_NAME = "$(TARGET_NAME)";
				SWIFT_EMIT_LOC_STRINGS = YES;
				SWIFT_VERSION = 5.0;
				TARGETED_DEVICE_FAMILY = "1,2";
			};
			name = Release;
		};
/* End XCBuildConfiguration section */

/* Begin XCConfigurationList section */
		965FE8692C24C66400768828 /* Build configuration list for PBXProject "Rugby" */ = {
			isa = XCConfigurationList;
			buildConfigurations = (
				965FE87A2C24C66500768828 /* Debug */,
				965FE87B2C24C66500768828 /* Release */,
			);
			defaultConfigurationIsVisible = 0;
			defaultConfigurationName = Release;
		};
		965FE87C2C24C66500768828 /* Build configuration list for PBXNativeTarget "Rugby" */ = {
			isa = XCConfigurationList;
			buildConfigurations = (
				965FE87D2C24C66500768828 /* Debug */,
				965FE87E2C24C66500768828 /* Release */,
			);
			defaultConfigurationIsVisible = 0;
			defaultConfigurationName = Release;
		};
/* End XCConfigurationList section */

/* Begin XCRemoteSwiftPackageReference section */
		968F2C602D349EE6001C136D /* XCRemoteSwiftPackageReference "swift-algorithms" */ = {
			isa = XCRemoteSwiftPackageReference;
			repositoryURL = "https://github.com/apple/swift-algorithms.git";
			requirement = {
				kind = upToNextMajorVersion;
				minimumVersion = 1.2.0;
			};
		};
/* End XCRemoteSwiftPackageReference section */

/* Begin XCSwiftPackageProductDependency section */
		968F2C612D349EE6001C136D /* Algorithms */ = {
			isa = XCSwiftPackageProductDependency;
			package = 968F2C602D349EE6001C136D /* XCRemoteSwiftPackageReference "swift-algorithms" */;
			productName = Algorithms;
		};
		96A6C4322D10CDEE009BD762 /* RugbyKit */ = {
			isa = XCSwiftPackageProductDependency;
			productName = RugbyKit;
		};
/* End XCSwiftPackageProductDependency section */
	};
	rootObject = 965FE8662C24C66400768828 /* Project object */;
}
