// !$*UTF8*$!
{
	archiveVersion = 1;
	classes = {
	};
	objectVersion = 77;
	objects = {

/* Begin PBXBuildFile section */
		960D043E2E8B29A3005949D7 /* MarkdownUI in Frameworks */ = {isa = PBXBuildFile; productRef = 960D043D2E8B29A3005949D7 /* MarkdownUI */; };
		964989392E43AFC900AA1C84 /* Atomics in Frameworks */ = {isa = PBXBuildFile; productRef = 964989382E43AFC900AA1C84 /* Atomics */; };
		96AAAA362E4290E50062F554 /* Collections in Frameworks */ = {isa = PBXBuildFile; productRef = 96AAAA352E4290E50062F554 /* Collections */; };
		96E2B0CB2E4BF6C4003F9028 /* ColorTokensKit in Frameworks */ = {isa = PBXBuildFile; productRef = 96E2B0CA2E4BF6C4003F9028 /* ColorTokensKit */; };
		96EFDD0D2D40299D009ED7D7 /* RugbyKit in Frameworks */ = {isa = PBXBuildFile; productRef = 96EFDD0C2D40299D009ED7D7 /* RugbyKit */; };
		96EFDD102D4029A5009ED7D7 /* Algorithms in Frameworks */ = {isa = PBXBuildFile; productRef = 96EFDD0F2D4029A5009ED7D7 /* Algorithms */; };
		96FE21422E4E27C4006DDC41 /* SemVer in Frameworks */ = {isa = PBXBuildFile; productRef = 96FE21412E4E27C4006DDC41 /* SemVer */; };
/* End PBXBuildFile section */

/* Begin PBXFileReference section */
		9695680B2D4028A700AA8A83 /* Rugby.app */ = {isa = PBXFileReference; explicitFileType = wrapper.application; includeInIndex = 0; path = Rugby.app; sourceTree = BUILT_PRODUCTS_DIR; };
/* End PBXFileReference section */

/* Begin PBXFileSystemSynchronizedBuildFileExceptionSet section */
		9695681D2D4028D200AA8A83 /* Exceptions for "Rugby" folder in "Rugby" target */ = {
			isa = PBXFileSystemSynchronizedBuildFileExceptionSet;
			membershipExceptions = (
				Info.plist,
			);
			target = 9695680A2D4028A700AA8A83 /* Rugby */;
		};
/* End PBXFileSystemSynchronizedBuildFileExceptionSet section */

/* Begin PBXFileSystemSynchronizedRootGroup section */
		9695680D2D4028A700AA8A83 /* Rugby */ = {
			isa = PBXFileSystemSynchronizedRootGroup;
			exceptions = (
				9695681D2D4028D200AA8A83 /* Exceptions for "Rugby" folder in "Rugby" target */,
			);
			path = Rugby;
			sourceTree = "<group>";
		};
/* End PBXFileSystemSynchronizedRootGroup section */

/* Begin PBXFrameworksBuildPhase section */
		969568082D4028A700AA8A83 /* Frameworks */ = {
			isa = PBXFrameworksBuildPhase;
			buildActionMask = 2147483647;
			files = (
				96AAAA362E4290E50062F554 /* Collections in Frameworks */,
				960D043E2E8B29A3005949D7 /* MarkdownUI in Frameworks */,
				96EFDD102D4029A5009ED7D7 /* Algorithms in Frameworks */,
				96E2B0CB2E4BF6C4003F9028 /* ColorTokensKit in Frameworks */,
				96EFDD0D2D40299D009ED7D7 /* RugbyKit in Frameworks */,
				96FE21422E4E27C4006DDC41 /* SemVer in Frameworks */,
				964989392E43AFC900AA1C84 /* Atomics in Frameworks */,
			);
			runOnlyForDeploymentPostprocessing = 0;
		};
/* End PBXFrameworksBuildPhase section */

/* Begin PBXGroup section */
		969568022D4028A700AA8A83 = {
			isa = PBXGroup;
			children = (
				9695680D2D4028A700AA8A83 /* Rugby */,
				9695680C2D4028A700AA8A83 /* Products */,
			);
			sourceTree = "<group>";
		};
		9695680C2D4028A700AA8A83 /* Products */ = {
			isa = PBXGroup;
			children = (
				9695680B2D4028A700AA8A83 /* Rugby.app */,
			);
			name = Products;
			sourceTree = "<group>";
		};
/* End PBXGroup section */

/* Begin PBXNativeTarget section */
		9695680A2D4028A700AA8A83 /* Rugby */ = {
			isa = PBXNativeTarget;
			buildConfigurationList = 969568192D4028A800AA8A83 /* Build configuration list for PBXNativeTarget "Rugby" */;
			buildPhases = (
				969568072D4028A700AA8A83 /* Sources */,
				969568082D4028A700AA8A83 /* Frameworks */,
				969568092D4028A700AA8A83 /* Resources */,
			);
			buildRules = (
			);
			dependencies = (
			);
			fileSystemSynchronizedGroups = (
				9695680D2D4028A700AA8A83 /* Rugby */,
			);
			name = Rugby;
			packageProductDependencies = (
				96EFDD0C2D40299D009ED7D7 /* RugbyKit */,
				96EFDD0F2D4029A5009ED7D7 /* Algorithms */,
				96AAAA352E4290E50062F554 /* Collections */,
				964989382E43AFC900AA1C84 /* Atomics */,
				96E2B0CA2E4BF6C4003F9028 /* ColorTokensKit */,
				96FE21412E4E27C4006DDC41 /* SemVer */,
				960D043D2E8B29A3005949D7 /* MarkdownUI */,
			);
			productName = Rugby;
			productReference = 9695680B2D4028A700AA8A83 /* Rugby.app */;
			productType = "com.apple.product-type.application";
		};
/* End PBXNativeTarget section */

/* Begin PBXProject section */
		969568032D4028A700AA8A83 /* Project object */ = {
			isa = PBXProject;
			attributes = {
				BuildIndependentTargetsInParallel = 1;
				LastSwiftUpdateCheck = 1620;
				LastUpgradeCheck = 2600;
				TargetAttributes = {
					9695680A2D4028A700AA8A83 = {
						CreatedOnToolsVersion = 16.2;
					};
				};
			};
			buildConfigurationList = 969568062D4028A700AA8A83 /* Build configuration list for PBXProject "Rugby" */;
			developmentRegion = en;
			hasScannedForEncodings = 0;
			knownRegions = (
				en,
				Base,
			);
			mainGroup = 969568022D4028A700AA8A83;
			minimizedProjectReferenceProxies = 1;
			packageReferences = (
				96EFDD0E2D4029A4009ED7D7 /* XCRemoteSwiftPackageReference "swift-algorithms" */,
				96AAAA342E4290E50062F554 /* XCRemoteSwiftPackageReference "swift-collections" */,
				964989372E43AFC900AA1C84 /* XCRemoteSwiftPackageReference "swift-atomics" */,
				96E2B0C92E4BF6C4003F9028 /* XCRemoteSwiftPackageReference "ColorTokensKit-Swift" */,
				96FE21402E4E27C4006DDC41 /* XCRemoteSwiftPackageReference "semver" */,
				9618E5412E808E3C007BED14 /* XCLocalSwiftPackageReference "../../bind/swift/pkg" */,
				960D043C2E8B29A3005949D7 /* XCRemoteSwiftPackageReference "swift-markdown-ui" */,
			);
			preferredProjectObjectVersion = 77;
			productRefGroup = 9695680C2D4028A700AA8A83 /* Products */;
			projectDirPath = "";
			projectRoot = "";
			targets = (
				9695680A2D4028A700AA8A83 /* Rugby */,
			);
		};
/* End PBXProject section */

/* Begin PBXResourcesBuildPhase section */
		969568092D4028A700AA8A83 /* Resources */ = {
			isa = PBXResourcesBuildPhase;
			buildActionMask = 2147483647;
			files = (
			);
			runOnlyForDeploymentPostprocessing = 0;
		};
/* End PBXResourcesBuildPhase section */

/* Begin PBXSourcesBuildPhase section */
		969568072D4028A700AA8A83 /* Sources */ = {
			isa = PBXSourcesBuildPhase;
			buildActionMask = 2147483647;
			files = (
			);
			runOnlyForDeploymentPostprocessing = 0;
		};
/* End PBXSourcesBuildPhase section */

/* Begin XCBuildConfiguration section */
		969568172D4028A800AA8A83 /* Debug */ = {
			isa = XCBuildConfiguration;
			buildSettings = {
				ALWAYS_SEARCH_USER_PATHS = NO;
				ASSETCATALOG_COMPILER_GENERATE_SWIFT_ASSET_SYMBOL_EXTENSIONS = YES;
				CLANG_ANALYZER_NONNULL = YES;
				CLANG_ANALYZER_NUMBER_OBJECT_CONVERSION = YES_AGGRESSIVE;
				CLANG_CXX_LANGUAGE_STANDARD = "gnu++20";
				CLANG_ENABLE_MODULES = YES;
				CLANG_ENABLE_OBJC_ARC = YES;
				CLANG_ENABLE_OBJC_WEAK = YES;
				CLANG_WARN_BLOCK_CAPTURE_AUTORELEASING = YES;
				CLANG_WARN_BOOL_CONVERSION = YES;
				CLANG_WARN_COMMA = YES;
				CLANG_WARN_CONSTANT_CONVERSION = YES;
				CLANG_WARN_DEPRECATED_OBJC_IMPLEMENTATIONS = YES;
				CLANG_WARN_DIRECT_OBJC_ISA_USAGE = YES_ERROR;
				CLANG_WARN_DOCUMENTATION_COMMENTS = YES;
				CLANG_WARN_EMPTY_BODY = YES;
				CLANG_WARN_ENUM_CONVERSION = YES;
				CLANG_WARN_INFINITE_RECURSION = YES;
				CLANG_WARN_INT_CONVERSION = YES;
				CLANG_WARN_NON_LITERAL_NULL_CONVERSION = YES;
				CLANG_WARN_OBJC_IMPLICIT_RETAIN_SELF = YES;
				CLANG_WARN_OBJC_LITERAL_CONVERSION = YES;
				CLANG_WARN_OBJC_ROOT_CLASS = YES_ERROR;
				CLANG_WARN_QUOTED_INCLUDE_IN_FRAMEWORK_HEADER = YES;
				CLANG_WARN_RANGE_LOOP_ANALYSIS = YES;
				CLANG_WARN_STRICT_PROTOTYPES = YES;
				CLANG_WARN_SUSPICIOUS_MOVE = YES;
				CLANG_WARN_UNGUARDED_AVAILABILITY = YES_AGGRESSIVE;
				CLANG_WARN_UNREACHABLE_CODE = YES;
				CLANG_WARN__DUPLICATE_METHOD_MATCH = YES;
				COPY_PHASE_STRIP = NO;
				DEBUG_INFORMATION_FORMAT = dwarf;
				DEVELOPMENT_TEAM = 6WHL4R56VQ;
				ENABLE_STRICT_OBJC_MSGSEND = YES;
				ENABLE_TESTABILITY = YES;
				ENABLE_USER_SCRIPT_SANDBOXING = YES;
				GCC_C_LANGUAGE_STANDARD = gnu17;
				GCC_DYNAMIC_NO_PIC = NO;
				GCC_NO_COMMON_BLOCKS = YES;
				GCC_OPTIMIZATION_LEVEL = 0;
				GCC_PREPROCESSOR_DEFINITIONS = (
					"DEBUG=1",
					"$(inherited)",
				);
				GCC_WARN_64_TO_32_BIT_CONVERSION = YES;
				GCC_WARN_ABOUT_RETURN_TYPE = YES_ERROR;
				GCC_WARN_UNDECLARED_SELECTOR = YES;
				GCC_WARN_UNINITIALIZED_AUTOS = YES_AGGRESSIVE;
				GCC_WARN_UNUSED_FUNCTION = YES;
				GCC_WARN_UNUSED_VARIABLE = YES;
				IPHONEOS_DEPLOYMENT_TARGET = 18.2;
				LOCALIZATION_PREFERS_STRING_CATALOGS = YES;
				MTL_ENABLE_DEBUG_INFO = INCLUDE_SOURCE;
				MTL_FAST_MATH = YES;
				ONLY_ACTIVE_ARCH = YES;
				SDKROOT = iphoneos;
				STRING_CATALOG_GENERATE_SYMBOLS = YES;
				SWIFT_ACTIVE_COMPILATION_CONDITIONS = "DEBUG $(inherited)";
				SWIFT_OPTIMIZATION_LEVEL = "-Onone";
			};
			name = Debug;
		};
		969568182D4028A800AA8A83 /* Release */ = {
			isa = XCBuildConfiguration;
			buildSettings = {
				ALWAYS_SEARCH_USER_PATHS = NO;
				ASSETCATALOG_COMPILER_GENERATE_SWIFT_ASSET_SYMBOL_EXTENSIONS = YES;
				CLANG_ANALYZER_NONNULL = YES;
				CLANG_ANALYZER_NUMBER_OBJECT_CONVERSION = YES_AGGRESSIVE;
				CLANG_CXX_LANGUAGE_STANDARD = "gnu++20";
				CLANG_ENABLE_MODULES = YES;
				CLANG_ENABLE_OBJC_ARC = YES;
				CLANG_ENABLE_OBJC_WEAK = YES;
				CLANG_WARN_BLOCK_CAPTURE_AUTORELEASING = YES;
				CLANG_WARN_BOOL_CONVERSION = YES;
				CLANG_WARN_COMMA = YES;
				CLANG_WARN_CONSTANT_CONVERSION = YES;
				CLANG_WARN_DEPRECATED_OBJC_IMPLEMENTATIONS = YES;
				CLANG_WARN_DIRECT_OBJC_ISA_USAGE = YES_ERROR;
				CLANG_WARN_DOCUMENTATION_COMMENTS = YES;
				CLANG_WARN_EMPTY_BODY = YES;
				CLANG_WARN_ENUM_CONVERSION = YES;
				CLANG_WARN_INFINITE_RECURSION = YES;
				CLANG_WARN_INT_CONVERSION = YES;
				CLANG_WARN_NON_LITERAL_NULL_CONVERSION = YES;
				CLANG_WARN_OBJC_IMPLICIT_RETAIN_SELF = YES;
				CLANG_WARN_OBJC_LITERAL_CONVERSION = YES;
				CLANG_WARN_OBJC_ROOT_CLASS = YES_ERROR;
				CLANG_WARN_QUOTED_INCLUDE_IN_FRAMEWORK_HEADER = YES;
				CLANG_WARN_RANGE_LOOP_ANALYSIS = YES;
				CLANG_WARN_STRICT_PROTOTYPES = YES;
				CLANG_WARN_SUSPICIOUS_MOVE = YES;
				CLANG_WARN_UNGUARDED_AVAILABILITY = YES_AGGRESSIVE;
				CLANG_WARN_UNREACHABLE_CODE = YES;
				CLANG_WARN__DUPLICATE_METHOD_MATCH = YES;
				COPY_PHASE_STRIP = NO;
				DEBUG_INFORMATION_FORMAT = "dwarf-with-dsym";
				DEVELOPMENT_TEAM = 6WHL4R56VQ;
				ENABLE_NS_ASSERTIONS = NO;
				ENABLE_STRICT_OBJC_MSGSEND = YES;
				ENABLE_USER_SCRIPT_SANDBOXING = YES;
				GCC_C_LANGUAGE_STANDARD = gnu17;
				GCC_NO_COMMON_BLOCKS = YES;
				GCC_WARN_64_TO_32_BIT_CONVERSION = YES;
				GCC_WARN_ABOUT_RETURN_TYPE = YES_ERROR;
				GCC_WARN_UNDECLARED_SELECTOR = YES;
				GCC_WARN_UNINITIALIZED_AUTOS = YES_AGGRESSIVE;
				GCC_WARN_UNUSED_FUNCTION = YES;
				GCC_WARN_UNUSED_VARIABLE = YES;
				IPHONEOS_DEPLOYMENT_TARGET = 18.2;
				LOCALIZATION_PREFERS_STRING_CATALOGS = YES;
				MTL_ENABLE_DEBUG_INFO = NO;
				MTL_FAST_MATH = YES;
				SDKROOT = iphoneos;
				STRING_CATALOG_GENERATE_SYMBOLS = YES;
				SWIFT_COMPILATION_MODE = wholemodule;
				VALIDATE_PRODUCT = YES;
			};
			name = Release;
		};
		9695681A2D4028A800AA8A83 /* Debug */ = {
			isa = XCBuildConfiguration;
			buildSettings = {
				ASSETCATALOG_COMPILER_APPICON_NAME = AppIcon;
				ASSETCATALOG_COMPILER_GLOBAL_ACCENT_COLOR_NAME = AccentColor;
				ASSETCATALOG_COMPILER_INCLUDE_ALL_APPICON_ASSETS = YES;
				CODE_SIGN_STYLE = Automatic;
				CURRENT_PROJECT_VERSION = 1;
				DEVELOPMENT_ASSET_PATHS = Rugby/Files/rom;
				ENABLE_PREVIEWS = YES;
				GENERATE_INFOPLIST_FILE = YES;
				INFOPLIST_FILE = Rugby/Info.plist;
				INFOPLIST_KEY_GCSupportsControllerUserInteraction = YES;
				INFOPLIST_KEY_LSSupportsOpeningDocumentsInPlace = YES;
				INFOPLIST_KEY_UIApplicationSceneManifest_Generation = YES;
				INFOPLIST_KEY_UIApplicationSupportsIndirectInputEvents = YES;
				INFOPLIST_KEY_UILaunchScreen_Generation = YES;
				INFOPLIST_KEY_UISupportedInterfaceOrientations = UIInterfaceOrientationPortrait;
				INFOPLIST_KEY_UISupportedInterfaceOrientations_iPad = "UIInterfaceOrientationLandscapeLeft UIInterfaceOrientationLandscapeRight UIInterfaceOrientationPortrait UIInterfaceOrientationPortraitUpsideDown";
				IPHONEOS_DEPLOYMENT_TARGET = 26.0;
				LD_RUNPATH_SEARCH_PATHS = (
					"$(inherited)",
					"@executable_path/Frameworks",
				);
				MARKETING_VERSION = 0.1.0;
				PRODUCT_BUNDLE_IDENTIFIER = dev.zakhary.Rugby;
				PRODUCT_NAME = "$(TARGET_NAME)";
				SWIFT_EMIT_LOC_STRINGS = YES;
				SWIFT_VERSION = 6.0;
				TARGETED_DEVICE_FAMILY = "1,2";
			};
			name = Debug;
		};
		9695681B2D4028A800AA8A83 /* Release */ = {
			isa = XCBuildConfiguration;
			buildSettings = {
				ASSETCATALOG_COMPILER_APPICON_NAME = AppIcon;
				ASSETCATALOG_COMPILER_GLOBAL_ACCENT_COLOR_NAME = AccentColor;
				ASSETCATALOG_COMPILER_INCLUDE_ALL_APPICON_ASSETS = YES;
				CODE_SIGN_STYLE = Automatic;
				CURRENT_PROJECT_VERSION = 1;
				ENABLE_PREVIEWS = YES;
				GENERATE_INFOPLIST_FILE = YES;
				INFOPLIST_FILE = Rugby/Info.plist;
				INFOPLIST_KEY_GCSupportsControllerUserInteraction = YES;
				INFOPLIST_KEY_LSSupportsOpeningDocumentsInPlace = YES;
				INFOPLIST_KEY_UIApplicationSceneManifest_Generation = YES;
				INFOPLIST_KEY_UIApplicationSupportsIndirectInputEvents = YES;
				INFOPLIST_KEY_UILaunchScreen_Generation = YES;
				INFOPLIST_KEY_UISupportedInterfaceOrientations = UIInterfaceOrientationPortrait;
				INFOPLIST_KEY_UISupportedInterfaceOrientations_iPad = "UIInterfaceOrientationLandscapeLeft UIInterfaceOrientationLandscapeRight UIInterfaceOrientationPortrait UIInterfaceOrientationPortraitUpsideDown";
				IPHONEOS_DEPLOYMENT_TARGET = 26.0;
				LD_RUNPATH_SEARCH_PATHS = (
					"$(inherited)",
					"@executable_path/Frameworks",
				);
				MARKETING_VERSION = 0.1.0;
				PRODUCT_BUNDLE_IDENTIFIER = dev.zakhary.Rugby;
				PRODUCT_NAME = "$(TARGET_NAME)";
				SWIFT_EMIT_LOC_STRINGS = YES;
				SWIFT_VERSION = 6.0;
				TARGETED_DEVICE_FAMILY = "1,2";
			};
			name = Release;
		};
/* End XCBuildConfiguration section */

/* Begin XCConfigurationList section */
		969568062D4028A700AA8A83 /* Build configuration list for PBXProject "Rugby" */ = {
			isa = XCConfigurationList;
			buildConfigurations = (
				969568172D4028A800AA8A83 /* Debug */,
				969568182D4028A800AA8A83 /* Release */,
			);
			defaultConfigurationIsVisible = 0;
			defaultConfigurationName = Release;
		};
		969568192D4028A800AA8A83 /* Build configuration list for PBXNativeTarget "Rugby" */ = {
			isa = XCConfigurationList;
			buildConfigurations = (
				9695681A2D4028A800AA8A83 /* Debug */,
				9695681B2D4028A800AA8A83 /* Release */,
			);
			defaultConfigurationIsVisible = 0;
			defaultConfigurationName = Release;
		};
/* End XCConfigurationList section */

/* Begin XCLocalSwiftPackageReference section */
		9618E5412E808E3C007BED14 /* XCLocalSwiftPackageReference "../../bind/swift/pkg" */ = {
			isa = XCLocalSwiftPackageReference;
			relativePath = ../../bind/swift/pkg;
		};
/* End XCLocalSwiftPackageReference section */

/* Begin XCRemoteSwiftPackageReference section */
		960D043C2E8B29A3005949D7 /* XCRemoteSwiftPackageReference "swift-markdown-ui" */ = {
			isa = XCRemoteSwiftPackageReference;
			repositoryURL = "https://github.com/gonzalezreal/swift-markdown-ui";
			requirement = {
				kind = upToNextMajorVersion;
				minimumVersion = 2.4.1;
			};
		};
		964989372E43AFC900AA1C84 /* XCRemoteSwiftPackageReference "swift-atomics" */ = {
			isa = XCRemoteSwiftPackageReference;
			repositoryURL = "https://github.com/apple/swift-atomics.git";
			requirement = {
				kind = upToNextMajorVersion;
				minimumVersion = 1.3.0;
			};
		};
		96AAAA342E4290E50062F554 /* XCRemoteSwiftPackageReference "swift-collections" */ = {
			isa = XCRemoteSwiftPackageReference;
			repositoryURL = "https://github.com/apple/swift-collections.git";
			requirement = {
				kind = upToNextMajorVersion;
				minimumVersion = 1.2.1;
			};
		};
		96E2B0C92E4BF6C4003F9028 /* XCRemoteSwiftPackageReference "ColorTokensKit-Swift" */ = {
			isa = XCRemoteSwiftPackageReference;
			repositoryURL = "https://github.com/metasidd/ColorTokensKit-Swift.git";
			requirement = {
				kind = upToNextMajorVersion;
				minimumVersion = 0.2.0;
			};
		};
		96EFDD0E2D4029A4009ED7D7 /* XCRemoteSwiftPackageReference "swift-algorithms" */ = {
			isa = XCRemoteSwiftPackageReference;
			repositoryURL = "https://github.com/apple/swift-algorithms.git";
			requirement = {
				kind = upToNextMajorVersion;
				minimumVersion = 1.2.0;
			};
		};
		96FE21402E4E27C4006DDC41 /* XCRemoteSwiftPackageReference "semver" */ = {
			isa = XCRemoteSwiftPackageReference;
			repositoryURL = "https://github.com/sersoft-gmbh/semver";
			requirement = {
				kind = upToNextMajorVersion;
				minimumVersion = 5.3.0;
			};
		};
/* End XCRemoteSwiftPackageReference section */

/* Begin XCSwiftPackageProductDependency section */
		960D043D2E8B29A3005949D7 /* MarkdownUI */ = {
			isa = XCSwiftPackageProductDependency;
			package = 960D043C2E8B29A3005949D7 /* XCRemoteSwiftPackageReference "swift-markdown-ui" */;
			productName = MarkdownUI;
		};
		964989382E43AFC900AA1C84 /* Atomics */ = {
			isa = XCSwiftPackageProductDependency;
			package = 964989372E43AFC900AA1C84 /* XCRemoteSwiftPackageReference "swift-atomics" */;
			productName = Atomics;
		};
		96AAAA352E4290E50062F554 /* Collections */ = {
			isa = XCSwiftPackageProductDependency;
			package = 96AAAA342E4290E50062F554 /* XCRemoteSwiftPackageReference "swift-collections" */;
			productName = Collections;
		};
		96E2B0CA2E4BF6C4003F9028 /* ColorTokensKit */ = {
			isa = XCSwiftPackageProductDependency;
			package = 96E2B0C92E4BF6C4003F9028 /* XCRemoteSwiftPackageReference "ColorTokensKit-Swift" */;
			productName = ColorTokensKit;
		};
		96EFDD0C2D40299D009ED7D7 /* RugbyKit */ = {
			isa = XCSwiftPackageProductDependency;
			productName = RugbyKit;
		};
		96EFDD0F2D4029A5009ED7D7 /* Algorithms */ = {
			isa = XCSwiftPackageProductDependency;
			package = 96EFDD0E2D4029A4009ED7D7 /* XCRemoteSwiftPackageReference "swift-algorithms" */;
			productName = Algorithms;
		};
		96FE21412E4E27C4006DDC41 /* SemVer */ = {
			isa = XCSwiftPackageProductDependency;
			package = 96FE21402E4E27C4006DDC41 /* XCRemoteSwiftPackageReference "semver" */;
			productName = SemVer;
		};
/* End XCSwiftPackageProductDependency section */
	};
	rootObject = 969568032D4028A700AA8A83 /* Project object */;
}
